
Microsoft Visual Studio Solution File, Format Version 11.00
# Visual Studio 2010
Project("{8BC9CEB8-8B4A-11D0-8D11-00A0C91BC942}") = "Matrix", "Matrix\Matrix.vcxproj", "{DECE489B-3D33-41DB-875F-8BF31D364558}"
EndProject
Project("{8BC9CEB8-8B4A-11D0-8D11-00A0C91BC942}") = "Geo", "Geo\Geo.vcxproj", "{8F3A3CC6-B244-47C3-A9CA-BBE0500BF828}"
EndProject
Project("{8BC9CEB8-8B4A-11D0-8D11-00A0C91BC942}") = "ImageBoss", "ImageBoss\ImageBoss.vcxproj", "{B45E8621-706A-42CF-B95E-094CE6BB87DB}"
EndProject
Project("{8BC9CEB8-8B4A-11D0-8D11-00A0C91BC942}") = "ImageGeo", "ImageGeo\ImageGeo.vcxproj", "{26666810-064B-45DE-BF02-850561BE998F}"
	ProjectSection(ProjectDependencies) = postProject
		{B45E8621-706A-42CF-B95E-094CE6BB87DB} = {B45E8621-706A-42CF-B95E-094CE6BB87DB}
		{8F3A3CC6-B244-47C3-A9CA-BBE0500BF828} = {8F3A3CC6-B244-47C3-A9CA-BBE0500BF828}
	EndProjectSection
EndProject
Project("{8BC9CEB8-8B4A-11D0-8D11-00A0C91BC942}") = "Rectify", "Rectify\Rectify.vcxproj", "{15C3C1C7-7867-432F-B6ED-EF2B0EF469E8}"
	ProjectSection(ProjectDependencies) = postProject
		{26666810-064B-45DE-BF02-850561BE998F} = {26666810-064B-45DE-BF02-850561BE998F}
		{B45E8621-706A-42CF-B95E-094CE6BB87DB} = {B45E8621-706A-42CF-B95E-094CE6BB87DB}
		{DECE489B-3D33-41DB-875F-8BF31D364558} = {DECE489B-3D33-41DB-875F-8BF31D364558}
		{F3891CBE-D68E-4CA1-B1EB-15A34640710E} = {F3891CBE-D68E-4CA1-B1EB-15A34640710E}
		{C1C005BF-0C7E-40EB-AB1C-B8C6021EAEC9} = {C1C005BF-0C7E-40EB-AB1C-B8C6021EAEC9}
		{8F3A3CC6-B244-47C3-A9CA-BBE0500BF828} = {8F3A3CC6-B244-47C3-A9CA-BBE0500BF828}
	EndProjectSection
EndProject
Project("{8BC9CEB8-8B4A-11D0-8D11-00A0C91BC942}") = "RasterImage_JPEG", "RasterImage_JPEG\RasterImage_JPEG.vcxproj", "{D95CB28F-45AB-44D9-9FAD-A84EC48C2DB9}"
	ProjectSection(ProjectDependencies) = postProject
		{B45E8621-706A-42CF-B95E-094CE6BB87DB} = {B45E8621-706A-42CF-B95E-094CE6BB87DB}
	EndProjectSection
EndProject
Project("{8BC9CEB8-8B4A-11D0-8D11-00A0C91BC942}") = "ParseOziMap", "ParseOziMap\ParseOziMap.vcxproj", "{93FCE241-E7EE-4715-9E99-96042D489278}"
	ProjectSection(ProjectDependencies) = postProject
		{F3891CBE-D68E-4CA1-B1EB-15A34640710E} = {F3891CBE-D68E-4CA1-B1EB-15A34640710E}
		{C1C005BF-0C7E-40EB-AB1C-B8C6021EAEC9} = {C1C005BF-0C7E-40EB-AB1C-B8C6021EAEC9}
		{8F3A3CC6-B244-47C3-A9CA-BBE0500BF828} = {8F3A3CC6-B244-47C3-A9CA-BBE0500BF828}
	EndProjectSection
EndProject
Project("{8BC9CEB8-8B4A-11D0-8D11-00A0C91BC942}") = "ParseWktTest", "ParseWktTest\ParseWktTest.vcxproj", "{C6ABE5FB-1B18-4B18-813B-120B02052317}"
	ProjectSection(ProjectDependencies) = postProject
		{8F3A3CC6-B244-47C3-A9CA-BBE0500BF828} = {8F3A3CC6-B244-47C3-A9CA-BBE0500BF828}
	EndProjectSection
EndProject
Project("{8BC9CEB8-8B4A-11D0-8D11-00A0C91BC942}") = "SplitTiles", "SplitTiles\SplitTiles.vcxproj", "{0AECFB88-9914-4BEC-985B-CBC0403A56DC}"
	ProjectSection(ProjectDependencies) = postProject
		{B45E8621-706A-42CF-B95E-094CE6BB87DB} = {B45E8621-706A-42CF-B95E-094CE6BB87DB}
		{F3891CBE-D68E-4CA1-B1EB-15A34640710E} = {F3891CBE-D68E-4CA1-B1EB-15A34640710E}
	EndProjectSection
EndProject
Project("{8BC9CEB8-8B4A-11D0-8D11-00A0C91BC942}") = "JoinTiles", "JoinTiles\JoinTiles.vcxproj", "{9335D595-6EA0-4E8B-867A-BFE8A31E7292}"
	ProjectSection(ProjectDependencies) = postProject
		{B45E8621-706A-42CF-B95E-094CE6BB87DB} = {B45E8621-706A-42CF-B95E-094CE6BB87DB}
	EndProjectSection
EndProject
Project("{8BC9CEB8-8B4A-11D0-8D11-00A0C91BC942}") = "RasterImage_GIF", "RasterImage_GIF\RasterImage_GIF.vcxproj", "{1CABAA7E-29D4-4187-AF41-989518899B0A}"
	ProjectSection(ProjectDependencies) = postProject
		{B45E8621-706A-42CF-B95E-094CE6BB87DB} = {B45E8621-706A-42CF-B95E-094CE6BB87DB}
	EndProjectSection
EndProject
Project("{8BC9CEB8-8B4A-11D0-8D11-00A0C91BC942}") = "RasterImage_ECW", "RasterImage_ECW\RasterImage_ECW.vcxproj", "{96789324-E917-477C-BA3D-CA30F181EBD0}"
EndProject
Project("{8BC9CEB8-8B4A-11D0-8D11-00A0C91BC942}") = "ECWHandler", "ECWHandler\ECWHandler.vcxproj", "{42254C7A-20D2-4DB4-AB40-BA26AB527D99}"
EndProject
Project("{8BC9CEB8-8B4A-11D0-8D11-00A0C91BC942}") = "RasterImage_BMP", "RasterImage_BMP\RasterImage_BMP.vcxproj", "{7FDB5142-2A24-4B4B-A9A8-09837BFA97FE}"
	ProjectSection(ProjectDependencies) = postProject
		{B45E8621-706A-42CF-B95E-094CE6BB87DB} = {B45E8621-706A-42CF-B95E-094CE6BB87DB}
	EndProjectSection
EndProject
Project("{8BC9CEB8-8B4A-11D0-8D11-00A0C91BC942}") = "RasterImage_TIFF", "RasterImage_TIFF\RasterImage_TIFF.vcxproj", "{DAF1C8DE-DA4D-4B06-9BD0-B198E93554D7}"
	ProjectSection(ProjectDependencies) = postProject
		{B45E8621-706A-42CF-B95E-094CE6BB87DB} = {B45E8621-706A-42CF-B95E-094CE6BB87DB}
	EndProjectSection
EndProject
Project("{8BC9CEB8-8B4A-11D0-8D11-00A0C91BC942}") = "RasterImage_PNG", "RasterImage_PNG\RasterImage_PNG.vcxproj", "{4052CF77-9121-4C0E-B591-E2DA3B6B9EDA}"
	ProjectSection(ProjectDependencies) = postProject
		{B45E8621-706A-42CF-B95E-094CE6BB87DB} = {B45E8621-706A-42CF-B95E-094CE6BB87DB}
	EndProjectSection
EndProject
Project("{8BC9CEB8-8B4A-11D0-8D11-00A0C91BC942}") = "ParseWorldFiles", "ParseWorldFiles\ParseWorldFiles.vcxproj", "{0B962323-2419-4885-81EC-F7CFBE4C747A}"
	ProjectSection(ProjectDependencies) = postProject
		{26666810-064B-45DE-BF02-850561BE998F} = {26666810-064B-45DE-BF02-850561BE998F}
		{B45E8621-706A-42CF-B95E-094CE6BB87DB} = {B45E8621-706A-42CF-B95E-094CE6BB87DB}
		{8F3A3CC6-B244-47C3-A9CA-BBE0500BF828} = {8F3A3CC6-B244-47C3-A9CA-BBE0500BF828}
	EndProjectSection
EndProject
Project("{8BC9CEB8-8B4A-11D0-8D11-00A0C91BC942}") = "StringLib", "..\StringLib\StringLib.vcxproj", "{C1C005BF-0C7E-40EB-AB1C-B8C6021EAEC9}"
EndProject
Project("{8BC9CEB8-8B4A-11D0-8D11-00A0C91BC942}") = "CmdApp", "..\CmdApp\CmdApp\CmdApp.vcxproj", "{F3891CBE-D68E-4CA1-B1EB-15A34640710E}"
EndProject
Project("{8BC9CEB8-8B4A-11D0-8D11-00A0C91BC942}") = "WhiteBalance", "WhiteBalance\WhiteBalance.vcxproj", "{95BAD686-5D84-4991-8A06-C7DFC0F4F2CE}"
	ProjectSection(ProjectDependencies) = postProject
		{26666810-064B-45DE-BF02-850561BE998F} = {26666810-064B-45DE-BF02-850561BE998F}
		{B45E8621-706A-42CF-B95E-094CE6BB87DB} = {B45E8621-706A-42CF-B95E-094CE6BB87DB}
		{F3891CBE-D68E-4CA1-B1EB-15A34640710E} = {F3891CBE-D68E-4CA1-B1EB-15A34640710E}
		{C1C005BF-0C7E-40EB-AB1C-B8C6021EAEC9} = {C1C005BF-0C7E-40EB-AB1C-B8C6021EAEC9}
		{8F3A3CC6-B244-47C3-A9CA-BBE0500BF828} = {8F3A3CC6-B244-47C3-A9CA-BBE0500BF828}
	EndProjectSection
EndProject
Global
	GlobalSection(SolutionConfigurationPlatforms) = preSolution
		Debug|Win32 = Debug|Win32
		Debug|x64 = Debug|x64
		Release|Win32 = Release|Win32
		Release|x64 = Release|x64
	EndGlobalSection
	GlobalSection(ProjectConfigurationPlatforms) = postSolution
		{DECE489B-3D33-41DB-875F-8BF31D364558}.Debug|Win32.ActiveCfg = Debug|Win32
		{DECE489B-3D33-41DB-875F-8BF31D364558}.Debug|Win32.Build.0 = Debug|Win32
		{DECE489B-3D33-41DB-875F-8BF31D364558}.Debug|x64.ActiveCfg = Debug|x64
		{DECE489B-3D33-41DB-875F-8BF31D364558}.Debug|x64.Build.0 = Debug|x64
		{DECE489B-3D33-41DB-875F-8BF31D364558}.Release|Win32.ActiveCfg = Release|Win32
		{DECE489B-3D33-41DB-875F-8BF31D364558}.Release|Win32.Build.0 = Release|Win32
		{DECE489B-3D33-41DB-875F-8BF31D364558}.Release|x64.ActiveCfg = Release|x64
		{DECE489B-3D33-41DB-875F-8BF31D364558}.Release|x64.Build.0 = Release|x64
		{8F3A3CC6-B244-47C3-A9CA-BBE0500BF828}.Debug|Win32.ActiveCfg = Debug|Win32
		{8F3A3CC6-B244-47C3-A9CA-BBE0500BF828}.Debug|Win32.Build.0 = Debug|Win32
		{8F3A3CC6-B244-47C3-A9CA-BBE0500BF828}.Debug|x64.ActiveCfg = Debug|x64
		{8F3A3CC6-B244-47C3-A9CA-BBE0500BF828}.Debug|x64.Build.0 = Debug|x64
		{8F3A3CC6-B244-47C3-A9CA-BBE0500BF828}.Release|Win32.ActiveCfg = Release|Win32
		{8F3A3CC6-B244-47C3-A9CA-BBE0500BF828}.Release|Win32.Build.0 = Release|Win32
		{8F3A3CC6-B244-47C3-A9CA-BBE0500BF828}.Release|x64.ActiveCfg = Release|x64
		{8F3A3CC6-B244-47C3-A9CA-BBE0500BF828}.Release|x64.Build.0 = Release|x64
		{B45E8621-706A-42CF-B95E-094CE6BB87DB}.Debug|Win32.ActiveCfg = Debug|Win32
		{B45E8621-706A-42CF-B95E-094CE6BB87DB}.Debug|Win32.Build.0 = Debug|Win32
		{B45E8621-706A-42CF-B95E-094CE6BB87DB}.Debug|x64.ActiveCfg = Debug|x64
		{B45E8621-706A-42CF-B95E-094CE6BB87DB}.Debug|x64.Build.0 = Debug|x64
		{B45E8621-706A-42CF-B95E-094CE6BB87DB}.Release|Win32.ActiveCfg = Release|Win32
		{B45E8621-706A-42CF-B95E-094CE6BB87DB}.Release|Win32.Build.0 = Release|Win32
		{B45E8621-706A-42CF-B95E-094CE6BB87DB}.Release|x64.ActiveCfg = Release|x64
		{B45E8621-706A-42CF-B95E-094CE6BB87DB}.Release|x64.Build.0 = Release|x64
		{26666810-064B-45DE-BF02-850561BE998F}.Debug|Win32.ActiveCfg = Debug|Win32
		{26666810-064B-45DE-BF02-850561BE998F}.Debug|Win32.Build.0 = Debug|Win32
		{26666810-064B-45DE-BF02-850561BE998F}.Debug|x64.ActiveCfg = Debug|x64
		{26666810-064B-45DE-BF02-850561BE998F}.Debug|x64.Build.0 = Debug|x64
		{26666810-064B-45DE-BF02-850561BE998F}.Release|Win32.ActiveCfg = Release|Win32
		{26666810-064B-45DE-BF02-850561BE998F}.Release|Win32.Build.0 = Release|Win32
		{26666810-064B-45DE-BF02-850561BE998F}.Release|x64.ActiveCfg = Release|x64
		{26666810-064B-45DE-BF02-850561BE998F}.Release|x64.Build.0 = Release|x64
		{15C3C1C7-7867-432F-B6ED-EF2B0EF469E8}.Debug|Win32.ActiveCfg = Debug|Win32
		{15C3C1C7-7867-432F-B6ED-EF2B0EF469E8}.Debug|Win32.Build.0 = Debug|Win32
		{15C3C1C7-7867-432F-B6ED-EF2B0EF469E8}.Debug|x64.ActiveCfg = Debug|x64
		{15C3C1C7-7867-432F-B6ED-EF2B0EF469E8}.Debug|x64.Build.0 = Debug|x64
		{15C3C1C7-7867-432F-B6ED-EF2B0EF469E8}.Release|Win32.ActiveCfg = Release|Win32
		{15C3C1C7-7867-432F-B6ED-EF2B0EF469E8}.Release|Win32.Build.0 = Release|Win32
		{15C3C1C7-7867-432F-B6ED-EF2B0EF469E8}.Release|x64.ActiveCfg = Release|x64
		{15C3C1C7-7867-432F-B6ED-EF2B0EF469E8}.Release|x64.Build.0 = Release|x64
		{D95CB28F-45AB-44D9-9FAD-A84EC48C2DB9}.Debug|Win32.ActiveCfg = Debug|Win32
		{D95CB28F-45AB-44D9-9FAD-A84EC48C2DB9}.Debug|Win32.Build.0 = Debug|Win32
		{D95CB28F-45AB-44D9-9FAD-A84EC48C2DB9}.Debug|x64.ActiveCfg = Debug|x64
		{D95CB28F-45AB-44D9-9FAD-A84EC48C2DB9}.Debug|x64.Build.0 = Debug|x64
		{D95CB28F-45AB-44D9-9FAD-A84EC48C2DB9}.Release|Win32.ActiveCfg = Release|Win32
		{D95CB28F-45AB-44D9-9FAD-A84EC48C2DB9}.Release|Win32.Build.0 = Release|Win32
		{D95CB28F-45AB-44D9-9FAD-A84EC48C2DB9}.Release|x64.ActiveCfg = Release|x64
		{D95CB28F-45AB-44D9-9FAD-A84EC48C2DB9}.Release|x64.Build.0 = Release|x64
		{93FCE241-E7EE-4715-9E99-96042D489278}.Debug|Win32.ActiveCfg = Debug|Win32
		{93FCE241-E7EE-4715-9E99-96042D489278}.Debug|Win32.Build.0 = Debug|Win32
		{93FCE241-E7EE-4715-9E99-96042D489278}.Debug|x64.ActiveCfg = Debug|x64
		{93FCE241-E7EE-4715-9E99-96042D489278}.Debug|x64.Build.0 = Debug|x64
		{93FCE241-E7EE-4715-9E99-96042D489278}.Release|Win32.ActiveCfg = Release|Win32
		{93FCE241-E7EE-4715-9E99-96042D489278}.Release|Win32.Build.0 = Release|Win32
		{93FCE241-E7EE-4715-9E99-96042D489278}.Release|x64.ActiveCfg = Release|x64
		{93FCE241-E7EE-4715-9E99-96042D489278}.Release|x64.Build.0 = Release|x64
		{C6ABE5FB-1B18-4B18-813B-120B02052317}.Debug|Win32.ActiveCfg = Debug|Win32
		{C6ABE5FB-1B18-4B18-813B-120B02052317}.Debug|Win32.Build.0 = Debug|Win32
		{C6ABE5FB-1B18-4B18-813B-120B02052317}.Debug|x64.ActiveCfg = Debug|x64
		{C6ABE5FB-1B18-4B18-813B-120B02052317}.Debug|x64.Build.0 = Debug|x64
		{C6ABE5FB-1B18-4B18-813B-120B02052317}.Release|Win32.ActiveCfg = Release|Win32
		{C6ABE5FB-1B18-4B18-813B-120B02052317}.Release|Win32.Build.0 = Release|Win32
		{C6ABE5FB-1B18-4B18-813B-120B02052317}.Release|x64.ActiveCfg = Release|x64
		{C6ABE5FB-1B18-4B18-813B-120B02052317}.Release|x64.Build.0 = Release|x64
		{0AECFB88-9914-4BEC-985B-CBC0403A56DC}.Debug|Win32.ActiveCfg = Debug|Win32
		{0AECFB88-9914-4BEC-985B-CBC0403A56DC}.Debug|Win32.Build.0 = Debug|Win32
		{0AECFB88-9914-4BEC-985B-CBC0403A56DC}.Debug|x64.ActiveCfg = Debug|x64
		{0AECFB88-9914-4BEC-985B-CBC0403A56DC}.Debug|x64.Build.0 = Debug|x64
		{0AECFB88-9914-4BEC-985B-CBC0403A56DC}.Release|Win32.ActiveCfg = Release|Win32
		{0AECFB88-9914-4BEC-985B-CBC0403A56DC}.Release|Win32.Build.0 = Release|Win32
		{0AECFB88-9914-4BEC-985B-CBC0403A56DC}.Release|x64.ActiveCfg = Release|x64
		{0AECFB88-9914-4BEC-985B-CBC0403A56DC}.Release|x64.Build.0 = Release|x64
		{9335D595-6EA0-4E8B-867A-BFE8A31E7292}.Debug|Win32.ActiveCfg = Debug|Win32
		{9335D595-6EA0-4E8B-867A-BFE8A31E7292}.Debug|Win32.Build.0 = Debug|Win32
		{9335D595-6EA0-4E8B-867A-BFE8A31E7292}.Debug|x64.ActiveCfg = Debug|x64
		{9335D595-6EA0-4E8B-867A-BFE8A31E7292}.Debug|x64.Build.0 = Debug|x64
		{9335D595-6EA0-4E8B-867A-BFE8A31E7292}.Release|Win32.ActiveCfg = Release|Win32
		{9335D595-6EA0-4E8B-867A-BFE8A31E7292}.Release|Win32.Build.0 = Release|Win32
		{9335D595-6EA0-4E8B-867A-BFE8A31E7292}.Release|x64.ActiveCfg = Release|x64
		{9335D595-6EA0-4E8B-867A-BFE8A31E7292}.Release|x64.Build.0 = Release|x64
		{1CABAA7E-29D4-4187-AF41-989518899B0A}.Debug|Win32.ActiveCfg = Debug|Win32
		{1CABAA7E-29D4-4187-AF41-989518899B0A}.Debug|Win32.Build.0 = Debug|Win32
		{1CABAA7E-29D4-4187-AF41-989518899B0A}.Debug|x64.ActiveCfg = Debug|x64
		{1CABAA7E-29D4-4187-AF41-989518899B0A}.Debug|x64.Build.0 = Debug|x64
		{1CABAA7E-29D4-4187-AF41-989518899B0A}.Release|Win32.ActiveCfg = Release|Win32
		{1CABAA7E-29D4-4187-AF41-989518899B0A}.Release|Win32.Build.0 = Release|Win32
		{1CABAA7E-29D4-4187-AF41-989518899B0A}.Release|x64.ActiveCfg = Release|x64
		{1CABAA7E-29D4-4187-AF41-989518899B0A}.Release|x64.Build.0 = Release|x64
		{96789324-E917-477C-BA3D-CA30F181EBD0}.Debug|Win32.ActiveCfg = Debug|Win32
		{96789324-E917-477C-BA3D-CA30F181EBD0}.Debug|Win32.Build.0 = Debug|Win32
		{96789324-E917-477C-BA3D-CA30F181EBD0}.Debug|x64.ActiveCfg = Debug|Win32
		{96789324-E917-477C-BA3D-CA30F181EBD0}.Release|Win32.ActiveCfg = Release|Win32
		{96789324-E917-477C-BA3D-CA30F181EBD0}.Release|Win32.Build.0 = Release|Win32
		{96789324-E917-477C-BA3D-CA30F181EBD0}.Release|x64.ActiveCfg = Release|Win32
		{42254C7A-20D2-4DB4-AB40-BA26AB527D99}.Debug|Win32.ActiveCfg = Debug|Win32
		{42254C7A-20D2-4DB4-AB40-BA26AB527D99}.Debug|Win32.Build.0 = Debug|Win32
		{42254C7A-20D2-4DB4-AB40-BA26AB527D99}.Debug|x64.ActiveCfg = Debug|Win32
		{42254C7A-20D2-4DB4-AB40-BA26AB527D99}.Release|Win32.ActiveCfg = Release|Win32
		{42254C7A-20D2-4DB4-AB40-BA26AB527D99}.Release|Win32.Build.0 = Release|Win32
		{42254C7A-20D2-4DB4-AB40-BA26AB527D99}.Release|x64.ActiveCfg = Release|Win32
		{7FDB5142-2A24-4B4B-A9A8-09837BFA97FE}.Debug|Win32.ActiveCfg = Debug|Win32
		{7FDB5142-2A24-4B4B-A9A8-09837BFA97FE}.Debug|Win32.Build.0 = Debug|Win32
		{7FDB5142-2A24-4B4B-A9A8-09837BFA97FE}.Debug|x64.ActiveCfg = Debug|x64
		{7FDB5142-2A24-4B4B-A9A8-09837BFA97FE}.Debug|x64.Build.0 = Debug|x64
		{7FDB5142-2A24-4B4B-A9A8-09837BFA97FE}.Release|Win32.ActiveCfg = Release|Win32
		{7FDB5142-2A24-4B4B-A9A8-09837BFA97FE}.Release|Win32.Build.0 = Release|Win32
		{7FDB5142-2A24-4B4B-A9A8-09837BFA97FE}.Release|x64.ActiveCfg = Release|x64
		{7FDB5142-2A24-4B4B-A9A8-09837BFA97FE}.Release|x64.Build.0 = Release|x64
		{DAF1C8DE-DA4D-4B06-9BD0-B198E93554D7}.Debug|Win32.ActiveCfg = Debug|Win32
		{DAF1C8DE-DA4D-4B06-9BD0-B198E93554D7}.Debug|Win32.Build.0 = Debug|Win32
		{DAF1C8DE-DA4D-4B06-9BD0-B198E93554D7}.Debug|x64.ActiveCfg = Debug|x64
		{DAF1C8DE-DA4D-4B06-9BD0-B198E93554D7}.Debug|x64.Build.0 = Debug|x64
		{DAF1C8DE-DA4D-4B06-9BD0-B198E93554D7}.Release|Win32.ActiveCfg = Release|Win32
		{DAF1C8DE-DA4D-4B06-9BD0-B198E93554D7}.Release|Win32.Build.0 = Release|Win32
		{DAF1C8DE-DA4D-4B06-9BD0-B198E93554D7}.Release|x64.ActiveCfg = Release|x64
		{DAF1C8DE-DA4D-4B06-9BD0-B198E93554D7}.Release|x64.Build.0 = Release|x64
		{4052CF77-9121-4C0E-B591-E2DA3B6B9EDA}.Debug|Win32.ActiveCfg = Debug|Win32
		{4052CF77-9121-4C0E-B591-E2DA3B6B9EDA}.Debug|Win32.Build.0 = Debug|Win32
		{4052CF77-9121-4C0E-B591-E2DA3B6B9EDA}.Debug|x64.ActiveCfg = Debug|x64
		{4052CF77-9121-4C0E-B591-E2DA3B6B9EDA}.Debug|x64.Build.0 = Debug|x64
		{4052CF77-9121-4C0E-B591-E2DA3B6B9EDA}.Release|Win32.ActiveCfg = Release|Win32
		{4052CF77-9121-4C0E-B591-E2DA3B6B9EDA}.Release|Win32.Build.0 = Release|Win32
		{4052CF77-9121-4C0E-B591-E2DA3B6B9EDA}.Release|x64.ActiveCfg = Release|x64
		{4052CF77-9121-4C0E-B591-E2DA3B6B9EDA}.Release|x64.Build.0 = Release|x64
		{0B962323-2419-4885-81EC-F7CFBE4C747A}.Debug|Win32.ActiveCfg = Debug|Win32
		{0B962323-2419-4885-81EC-F7CFBE4C747A}.Debug|Win32.Build.0 = Debug|Win32
		{0B962323-2419-4885-81EC-F7CFBE4C747A}.Debug|x64.ActiveCfg = Debug|x64
		{0B962323-2419-4885-81EC-F7CFBE4C747A}.Debug|x64.Build.0 = Debug|x64
		{0B962323-2419-4885-81EC-F7CFBE4C747A}.Release|Win32.ActiveCfg = Release|Win32
		{0B962323-2419-4885-81EC-F7CFBE4C747A}.Release|Win32.Build.0 = Release|Win32
		{0B962323-2419-4885-81EC-F7CFBE4C747A}.Release|x64.ActiveCfg = Release|x64
		{0B962323-2419-4885-81EC-F7CFBE4C747A}.Release|x64.Build.0 = Release|x64
		{C1C005BF-0C7E-40EB-AB1C-B8C6021EAEC9}.Debug|Win32.ActiveCfg = Debug|Win32
		{C1C005BF-0C7E-40EB-AB1C-B8C6021EAEC9}.Debug|Win32.Build.0 = Debug|Win32
		{C1C005BF-0C7E-40EB-AB1C-B8C6021EAEC9}.Debug|x64.ActiveCfg = Debug|x64
		{C1C005BF-0C7E-40EB-AB1C-B8C6021EAEC9}.Debug|x64.Build.0 = Debug|x64
		{C1C005BF-0C7E-40EB-AB1C-B8C6021EAEC9}.Release|Win32.ActiveCfg = Release|Win32
		{C1C005BF-0C7E-40EB-AB1C-B8C6021EAEC9}.Release|Win32.Build.0 = Release|Win32
		{C1C005BF-0C7E-40EB-AB1C-B8C6021EAEC9}.Release|x64.ActiveCfg = Release|x64
		{C1C005BF-0C7E-40EB-AB1C-B8C6021EAEC9}.Release|x64.Build.0 = Release|x64
		{F3891CBE-D68E-4CA1-B1EB-15A34640710E}.Debug|Win32.ActiveCfg = Debug|Win32
		{F3891CBE-D68E-4CA1-B1EB-15A34640710E}.Debug|Win32.Build.0 = Debug|Win32
		{F3891CBE-D68E-4CA1-B1EB-15A34640710E}.Debug|x64.ActiveCfg = Debug|x64
		{F3891CBE-D68E-4CA1-B1EB-15A34640710E}.Debug|x64.Build.0 = Debug|x64
		{F3891CBE-D68E-4CA1-B1EB-15A34640710E}.Release|Win32.ActiveCfg = Release|Win32
		{F3891CBE-D68E-4CA1-B1EB-15A34640710E}.Release|Win32.Build.0 = Release|Win32
		{F3891CBE-D68E-4CA1-B1EB-15A34640710E}.Release|x64.ActiveCfg = Release|x64
		{F3891CBE-D68E-4CA1-B1EB-15A34640710E}.Release|x64.Build.0 = Release|x64
		{95BAD686-5D84-4991-8A06-C7DFC0F4F2CE}.Debug|Win32.ActiveCfg = Debug|Win32
		{95BAD686-5D84-4991-8A06-C7DFC0F4F2CE}.Debug|Win32.Build.0 = Debug|Win32
		{95BAD686-5D84-4991-8A06-C7DFC0F4F2CE}.Debug|x64.ActiveCfg = Debug|Win32
		{95BAD686-5D84-4991-8A06-C7DFC0F4F2CE}.Release|Win32.ActiveCfg = Release|Win32
		{95BAD686-5D84-4991-8A06-C7DFC0F4F2CE}.Release|Win32.Build.0 = Release|Win32
		{95BAD686-5D84-4991-8A06-C7DFC0F4F2CE}.Release|x64.ActiveCfg = Release|x64
		{95BAD686-5D84-4991-8A06-C7DFC0F4F2CE}.Release|x64.Build.0 = Release|x64
	EndGlobalSection
	GlobalSection(SolutionProperties) = preSolution
		HideSolutionNode = FALSE
	EndGlobalSection
EndGlobal
